
Microsoft Visual Studio Solution File, Format Version 12.00
# Visual Studio Version 16
VisualStudioVersion = 16.0.29424.173
MinimumVisualStudioVersion = 10.0.40219.1
Project("{FAE04EC0-301F-11D3-BF4B-00C04F79EFBC}") = "TendenciasCase", "TendenciasCase\TendenciasCase.csproj", "{211E5E14-832B-4594-BD2F-19E6C6F9A800}"
EndProject
Global
	GlobalSection(SolutionConfigurationPlatforms) = preSolution
		Debug|Any CPU = Debug|Any CPU
		Release|Any CPU = Release|Any CPU
	EndGlobalSection
	GlobalSection(ProjectConfigurationPlatforms) = postSolution
		{211E5E14-832B-4594-BD2F-19E6C6F9A800}.Debug|Any CPU.ActiveCfg = Debug|Any CPU
		{211E5E14-832B-4594-BD2F-19E6C6F9A800}.Debug|Any CPU.Build.0 = Debug|Any CPU
		{211E5E14-832B-4594-BD2F-19E6C6F9A800}.Release|Any CPU.ActiveCfg = Release|Any CPU
		{211E5E14-832B-4594-BD2F-19E6C6F9A800}.Release|Any CPU.Build.0 = Release|Any CPU
	EndGlobalSection
	GlobalSection(SolutionProperties) = preSolution
		HideSolutionNode = FALSE
	EndGlobalSection
	GlobalSection(ExtensibilityGlobals) = postSolution
		SolutionGuid = {B8875B34-135C-45D3-91A8-5DE0F6BE1965}
	EndGlobalSection
EndGlobal
